{
  "requires": true,
  "lockfileVersion": 1,
  "dependencies": {
    "angular": {
      "version": "1.4.8",
      "resolved": "https://registry.npmjs.org/angular/-/angular-1.4.8.tgz",
      "integrity": "sha1-9Fc9UBnSHr9EprXCihT72dWWdEk="
    },
    "angular-local-storage": {
      "version": "0.7.1",
      "resolved": "https://registry.npmjs.org/angular-local-storage/-/angular-local-storage-0.7.1.tgz",
      "integrity": "sha1-+9JzB2PCn6mvVyXgGGx4BiHozdI="
    },
    "ng-masonry": {
      "version": "1.0.3",
      "resolved": "https://registry.npmjs.org/ng-masonry/-/ng-masonry-1.0.3.tgz",
      "integrity": "sha1-j9ufFixnCcAQg3mcq4pznOiYMXo=",
      "requires": {
        "angular": "1.4.8"
      }
    }
  }
}
